
Microsoft Visual Studio Solution File, Format Version 12.00
# Visual Studio Version 16
VisualStudioVersion = 16.0.28803.352
MinimumVisualStudioVersion = 10.0.40219.1
Project("{9A19103F-16F7-4668-BE54-9A1E7A4F7556}") = "Master.Berest", "Rest\Master.Berest.csproj", "{011B4BAC-4191-4C02-8F02-519D1545C99E}"
EndProject
Project("{9A19103F-16F7-4668-BE54-9A1E7A4F7556}") = "RestTest", "RestTest\RestTest.csproj", "{D5957BA2-0423-435D-947E-EA2CB632D6BB}"
EndProject
Global
	GlobalSection(SolutionConfigurationPlatforms) = preSolution
		Debug|Any CPU = Debug|Any CPU
		Release|Any CPU = Release|Any CPU
	EndGlobalSection
	GlobalSection(ProjectConfigurationPlatforms) = postSolution
		{011B4BAC-4191-4C02-8F02-519D1545C99E}.Debug|Any CPU.ActiveCfg = Debug|Any CPU
		{011B4BAC-4191-4C02-8F02-519D1545C99E}.Debug|Any CPU.Build.0 = Debug|Any CPU
		{011B4BAC-4191-4C02-8F02-519D1545C99E}.Release|Any CPU.ActiveCfg = Release|Any CPU
		{011B4BAC-4191-4C02-8F02-519D1545C99E}.Release|Any CPU.Build.0 = Release|Any CPU
		{D5957BA2-0423-435D-947E-EA2CB632D6BB}.Debug|Any CPU.ActiveCfg = Debug|Any CPU
		{D5957BA2-0423-435D-947E-EA2CB632D6BB}.Debug|Any CPU.Build.0 = Debug|Any CPU
		{D5957BA2-0423-435D-947E-EA2CB632D6BB}.Release|Any CPU.ActiveCfg = Release|Any CPU
		{D5957BA2-0423-435D-947E-EA2CB632D6BB}.Release|Any CPU.Build.0 = Release|Any CPU
	EndGlobalSection
	GlobalSection(SolutionProperties) = preSolution
		HideSolutionNode = FALSE
	EndGlobalSection
	GlobalSection(ExtensibilityGlobals) = postSolution
		SolutionGuid = {C94042F2-F2F4-4536-A568-BEA07A74C69C}
	EndGlobalSection
EndGlobal
